// !$*UTF8*$!
{
	archiveVersion = 1;
	classes = {
	};
	objectVersion = 50;
	objects = {

/* Begin PBXBuildFile section */
		05D1F41A20D6DA3C002C88DE /* AppDelegate.swift in Sources */ = {isa = PBXBuildFile; fileRef = 05D1F41920D6DA3C002C88DE /* AppDelegate.swift */; };
		05D1F41C20D6DA3C002C88DE /* ViewController.swift in Sources */ = {isa = PBXBuildFile; fileRef = 05D1F41B20D6DA3C002C88DE /* ViewController.swift */; };
		05D1F41F20D6DA3C002C88DE /* Main.storyboard in Resources */ = {isa = PBXBuildFile; fileRef = 05D1F41D20D6DA3C002C88DE /* Main.storyboard */; };
		05D1F42120D6DA3E002C88DE /* Assets.xcassets in Resources */ = {isa = PBXBuildFile; fileRef = 05D1F42020D6DA3E002C88DE /* Assets.xcassets */; };
		05D1F42420D6DA3E002C88DE /* LaunchScreen.storyboard in Resources */ = {isa = PBXBuildFile; fileRef = 05D1F42220D6DA3E002C88DE /* LaunchScreen.storyboard */; };
		05D1F44D20D6DC01002C88DE /* Concentration.swift in Sources */ = {isa = PBXBuildFile; fileRef = 05D1F44C20D6DC01002C88DE /* Concentration.swift */; };
		05D1F44F20D6DD35002C88DE /* Card.swift in Sources */ = {isa = PBXBuildFile; fileRef = 05D1F44E20D6DD35002C88DE /* Card.swift */; };
/* End PBXBuildFile section */

/* Begin PBXFileReference section */
		05D1F41620D6DA3C002C88DE /* Concentration.app */ = {isa = PBXFileReference; explicitFileType = wrapper.application; includeInIndex = 0; path = Concentration.app; sourceTree = BUILT_PRODUCTS_DIR; };
		05D1F41920D6DA3C002C88DE /* AppDelegate.swift */ = {isa = PBXFileReference; lastKnownFileType = sourcecode.swift; path = AppDelegate.swift; sourceTree = "<group>"; };
		05D1F41B20D6DA3C002C88DE /* ViewController.swift */ = {isa = PBXFileReference; lastKnownFileType = sourcecode.swift; path = ViewController.swift; sourceTree = "<group>"; };
		05D1F41E20D6DA3C002C88DE /* Base */ = {isa = PBXFileReference; lastKnownFileType = file.storyboard; name = Base; path = Base.lproj/Main.storyboard; sourceTree = "<group>"; };
		05D1F42020D6DA3E002C88DE /* Assets.xcassets */ = {isa = PBXFileReference; lastKnownFileType = folder.assetcatalog; path = Assets.xcassets; sourceTree = "<group>"; };
		05D1F42320D6DA3E002C88DE /* Base */ = {isa = PBXFileReference; lastKnownFileType = file.storyboard; name = Base; path = Base.lproj/LaunchScreen.storyboard; sourceTree = "<group>"; };
		05D1F42520D6DA3E002C88DE /* Info.plist */ = {isa = PBXFileReference; lastKnownFileType = text.plist.xml; path = Info.plist; sourceTree = "<group>"; };
		05D1F44C20D6DC01002C88DE /* Concentration.swift */ = {isa = PBXFileReference; lastKnownFileType = sourcecode.swift; name = Concentration.swift; path = Concentration/Model/Concentration.swift; sourceTree = SOURCE_ROOT; };
		05D1F44E20D6DD35002C88DE /* Card.swift */ = {isa = PBXFileReference; lastKnownFileType = sourcecode.swift; name = Card.swift; path = Concentration/Model/Card.swift; sourceTree = SOURCE_ROOT; };
/* End PBXFileReference section */

/* Begin PBXFrameworksBuildPhase section */
		05D1F41320D6DA3C002C88DE /* Frameworks */ = {
			isa = PBXFrameworksBuildPhase;
			buildActionMask = 2147483647;
			files = (
			);
			runOnlyForDeploymentPostprocessing = 0;
		};
/* End PBXFrameworksBuildPhase section */

/* Begin PBXGroup section */
		05D1F40D20D6DA3C002C88DE = {
			isa = PBXGroup;
			children = (
				05D1F41820D6DA3C002C88DE /* Concentration */,
				05D1F41720D6DA3C002C88DE /* Products */,
			);
			sourceTree = "<group>";
		};
		05D1F41720D6DA3C002C88DE /* Products */ = {
			isa = PBXGroup;
			children = (
				05D1F41620D6DA3C002C88DE /* Concentration.app */,
			);
			name = Products;
			sourceTree = "<group>";
		};
		05D1F41820D6DA3C002C88DE /* Concentration */ = {
			isa = PBXGroup;
			children = (
				05D1F44B20D6DB75002C88DE /* Controller */,
				05D1F44A20D6DB6B002C88DE /* View */,
				05D1F44920D6DB5C002C88DE /* Model */,
				05D1F42020D6DA3E002C88DE /* Assets.xcassets */,
				05D1F42220D6DA3E002C88DE /* LaunchScreen.storyboard */,
				05D1F42520D6DA3E002C88DE /* Info.plist */,
			);
			path = Concentration;
			sourceTree = "<group>";
		};
		05D1F44920D6DB5C002C88DE /* Model */ = {
			isa = PBXGroup;
			children = (
				05D1F44C20D6DC01002C88DE /* Concentration.swift */,
				05D1F44E20D6DD35002C88DE /* Card.swift */,
			);
			name = Model;
			path = "New Group";
			sourceTree = "<group>";
		};
		05D1F44A20D6DB6B002C88DE /* View */ = {
			isa = PBXGroup;
			children = (
				05D1F41D20D6DA3C002C88DE /* Main.storyboard */,
			);
			path = View;
			sourceTree = "<group>";
		};
		05D1F44B20D6DB75002C88DE /* Controller */ = {
			isa = PBXGroup;
			children = (
				05D1F41920D6DA3C002C88DE /* AppDelegate.swift */,
				05D1F41B20D6DA3C002C88DE /* ViewController.swift */,
			);
			path = Controller;
			sourceTree = "<group>";
		};
/* End PBXGroup section */

/* Begin PBXNativeTarget section */
		05D1F41520D6DA3C002C88DE /* Concentration */ = {
			isa = PBXNativeTarget;
			buildConfigurationList = 05D1F42820D6DA3E002C88DE /* Build configuration list for PBXNativeTarget "Concentration" */;
			buildPhases = (
				05D1F41220D6DA3C002C88DE /* Sources */,
				05D1F41320D6DA3C002C88DE /* Frameworks */,
				05D1F41420D6DA3C002C88DE /* Resources */,
			);
			buildRules = (
			);
			dependencies = (
			);
			name = Concentration;
			productName = Concentration;
			productReference = 05D1F41620D6DA3C002C88DE /* Concentration.app */;
			productType = "com.apple.product-type.application";
		};
/* End PBXNativeTarget section */

/* Begin PBXProject section */
		05D1F40E20D6DA3C002C88DE /* Project object */ = {
			isa = PBXProject;
			attributes = {
				LastSwiftUpdateCheck = 1000;
				LastUpgradeCheck = 1000;
				ORGANIZATIONNAME = "Attila Marosi";
				TargetAttributes = {
					05D1F41520D6DA3C002C88DE = {
						CreatedOnToolsVersion = 10.0;
					};
				};
			};
			buildConfigurationList = 05D1F41120D6DA3C002C88DE /* Build configuration list for PBXProject "Concentration" */;
			compatibilityVersion = "Xcode 9.3";
			developmentRegion = en;
			hasScannedForEncodings = 0;
			knownRegions = (
				en,
				Base,
			);
			mainGroup = 05D1F40D20D6DA3C002C88DE;
			productRefGroup = 05D1F41720D6DA3C002C88DE /* Products */;
			projectDirPath = "";
			projectRoot = "";
			targets = (
				05D1F41520D6DA3C002C88DE /* Concentration */,
			);
		};
/* End PBXProject section */

/* Begin PBXResourcesBuildPhase section */
		05D1F41420D6DA3C002C88DE /* Resources */ = {
			isa = PBXResourcesBuildPhase;
			buildActionMask = 2147483647;
			files = (
				05D1F42420D6DA3E002C88DE /* LaunchScreen.storyboard in Resources */,
				05D1F42120D6DA3E002C88DE /* Assets.xcassets in Resources */,
				05D1F41F20D6DA3C002C88DE /* Main.storyboard in Resources */,
			);
			runOnlyForDeploymentPostprocessing = 0;
		};
/* End PBXResourcesBuildPhase section */

/* Begin PBXSourcesBuildPhase section */
		05D1F41220D6DA3C002C88DE /* Sources */ = {
			isa = PBXSourcesBuildPhase;
			buildActionMask = 2147483647;
			files = (
				05D1F41C20D6DA3C002C88DE /* ViewController.swift in Sources */,
				05D1F41A20D6DA3C002C88DE /* AppDelegate.swift in Sources */,
				05D1F44D20D6DC01002C88DE /* Concentration.swift in Sources */,
				05D1F44F20D6DD35002C88DE /* Card.swift in Sources */,
			);
			runOnlyForDeploymentPostprocessing = 0;
		};
/* End PBXSourcesBuildPhase section */

/* Begin PBXVariantGroup section */
		05D1F41D20D6DA3C002C88DE /* Main.storyboard */ = {
			isa = PBXVariantGroup;
			children = (
				05D1F41E20D6DA3C002C88DE /* Base */,
			);
			name = Main.storyboard;
			sourceTree = "<group>";
		};
		05D1F42220D6DA3E002C88DE /* LaunchScreen.storyboard */ = {
			isa = PBXVariantGroup;
			children = (
				05D1F42320D6DA3E002C88DE /* Base */,
			);
			name = LaunchScreen.storyboard;
			sourceTree = "<group>";
		};
/* End PBXVariantGroup section */

/* Begin XCBuildConfiguration section */
		05D1F42620D6DA3E002C88DE /* Debug */ = {
			isa = XCBuildConfiguration;
			buildSettings = {
				ALWAYS_SEARCH_USER_PATHS = NO;
				CLANG_ANALYZER_NONNULL = YES;
				CLANG_ANALYZER_NUMBER_OBJECT_CONVERSION = YES_AGGRESSIVE;
				CLANG_CXX_LANGUAGE_STANDARD = "gnu++14";
				CLANG_CXX_LIBRARY = "libc++";
				CLANG_ENABLE_MODULES = YES;
				CLANG_ENABLE_OBJC_ARC = YES;
				CLANG_ENABLE_OBJC_WEAK = YES;
				CLANG_WARN_BLOCK_CAPTURE_AUTORELEASING = YES;
				CLANG_WARN_BOOL_CONVERSION = YES;
				CLANG_WARN_COMMA = YES;
				CLANG_WARN_CONSTANT_CONVERSION = YES;
				CLANG_WARN_DEPRECATED_OBJC_IMPLEMENTATIONS = YES;
				CLANG_WARN_DIRECT_OBJC_ISA_USAGE = YES_ERROR;
				CLANG_WARN_DOCUMENTATION_COMMENTS = YES;
				CLANG_WARN_EMPTY_BODY = YES;
				CLANG_WARN_ENUM_CONVERSION = YES;
				CLANG_WARN_INFINITE_RECURSION = YES;
				CLANG_WARN_INT_CONVERSION = YES;
				CLANG_WARN_NON_LITERAL_NULL_CONVERSION = YES;
				CLANG_WARN_OBJC_IMPLICIT_RETAIN_SELF = YES;
				CLANG_WARN_OBJC_LITERAL_CONVERSION = YES;
				CLANG_WARN_OBJC_ROOT_CLASS = YES_ERROR;
				CLANG_WARN_RANGE_LOOP_ANALYSIS = YES;
				CLANG_WARN_STRICT_PROTOTYPES = YES;
				CLANG_WARN_SUSPICIOUS_MOVE = YES;
				CLANG_WARN_UNGUARDED_AVAILABILITY = YES_AGGRESSIVE;
				CLANG_WARN_UNREACHABLE_CODE = YES;
				CLANG_WARN__DUPLICATE_METHOD_MATCH = YES;
				CODE_SIGN_IDENTITY = "iPhone Developer";
				COPY_PHASE_STRIP = NO;
				DEBUG_INFORMATION_FORMAT = dwarf;
				ENABLE_STRICT_OBJC_MSGSEND = YES;
				ENABLE_TESTABILITY = YES;
				GCC_C_LANGUAGE_STANDARD = gnu11;
				GCC_DYNAMIC_NO_PIC = NO;
				GCC_NO_COMMON_BLOCKS = YES;
				GCC_OPTIMIZATION_LEVEL = 0;
				GCC_PREPROCESSOR_DEFINITIONS = (
					"DEBUG=1",
					"$(inherited)",
				);
				GCC_WARN_64_TO_32_BIT_CONVERSION = YES;
				GCC_WARN_ABOUT_RETURN_TYPE = YES_ERROR;
				GCC_WARN_UNDECLARED_SELECTOR = YES;
				GCC_WARN_UNINITIALIZED_AUTOS = YES_AGGRESSIVE;
				GCC_WARN_UNUSED_FUNCTION = YES;
				GCC_WARN_UNUSED_VARIABLE = YES;
				IPHONEOS_DEPLOYMENT_TARGET = 12.0;
				MTL_ENABLE_DEBUG_INFO = INCLUDE_SOURCE;
				ONLY_ACTIVE_ARCH = YES;
				SDKROOT = iphoneos;
				SWIFT_ACTIVE_COMPILATION_CONDITIONS = DEBUG;
				SWIFT_OPTIMIZATION_LEVEL = "-Onone";
			};
			name = Debug;
		};
		05D1F42720D6DA3E002C88DE /* Release */ = {
			isa = XCBuildConfiguration;
			buildSettings = {
				ALWAYS_SEARCH_USER_PATHS = NO;
				CLANG_ANALYZER_NONNULL = YES;
				CLANG_ANALYZER_NUMBER_OBJECT_CONVERSION = YES_AGGRESSIVE;
				CLANG_CXX_LANGUAGE_STANDARD = "gnu++14";
				CLANG_CXX_LIBRARY = "libc++";
				CLANG_ENABLE_MODULES = YES;
				CLANG_ENABLE_OBJC_ARC = YES;
				CLANG_ENABLE_OBJC_WEAK = YES;
				CLANG_WARN_BLOCK_CAPTURE_AUTORELEASING = YES;
				CLANG_WARN_BOOL_CONVERSION = YES;
				CLANG_WARN_COMMA = YES;
				CLANG_WARN_CONSTANT_CONVERSION = YES;
				CLANG_WARN_DEPRECATED_OBJC_IMPLEMENTATIONS = YES;
				CLANG_WARN_DIRECT_OBJC_ISA_USAGE = YES_ERROR;
				CLANG_WARN_DOCUMENTATION_COMMENTS = YES;
				CLANG_WARN_EMPTY_BODY = YES;
				CLANG_WARN_ENUM_CONVERSION = YES;
				CLANG_WARN_INFINITE_RECURSION = YES;
				CLANG_WARN_INT_CONVERSION = YES;
				CLANG_WARN_NON_LITERAL_NULL_CONVERSION = YES;
				CLANG_WARN_OBJC_IMPLICIT_RETAIN_SELF = YES;
				CLANG_WARN_OBJC_LITERAL_CONVERSION = YES;
				CLANG_WARN_OBJC_ROOT_CLASS = YES_ERROR;
				CLANG_WARN_RANGE_LOOP_ANALYSIS = YES;
				CLANG_WARN_STRICT_PROTOTYPES = YES;
				CLANG_WARN_SUSPICIOUS_MOVE = YES;
				CLANG_WARN_UNGUARDED_AVAILABILITY = YES_AGGRESSIVE;
				CLANG_WARN_UNREACHABLE_CODE = YES;
				CLANG_WARN__DUPLICATE_METHOD_MATCH = YES;
				CODE_SIGN_IDENTITY = "iPhone Developer";
				COPY_PHASE_STRIP = NO;
				DEBUG_INFORMATION_FORMAT = "dwarf-with-dsym";
				ENABLE_NS_ASSERTIONS = NO;
				ENABLE_STRICT_OBJC_MSGSEND = YES;
				GCC_C_LANGUAGE_STANDARD = gnu11;
				GCC_NO_COMMON_BLOCKS = YES;
				GCC_WARN_64_TO_32_BIT_CONVERSION = YES;
				GCC_WARN_ABOUT_RETURN_TYPE = YES_ERROR;
				GCC_WARN_UNDECLARED_SELECTOR = YES;
				GCC_WARN_UNINITIALIZED_AUTOS = YES_AGGRESSIVE;
				GCC_WARN_UNUSED_FUNCTION = YES;
				GCC_WARN_UNUSED_VARIABLE = YES;
				IPHONEOS_DEPLOYMENT_TARGET = 12.0;
				MTL_ENABLE_DEBUG_INFO = NO;
				SDKROOT = iphoneos;
				SWIFT_COMPILATION_MODE = wholemodule;
				SWIFT_OPTIMIZATION_LEVEL = "-O";
				VALIDATE_PRODUCT = YES;
			};
			name = Release;
		};
		05D1F42920D6DA3E002C88DE /* Debug */ = {
			isa = XCBuildConfiguration;
			buildSettings = {
				ASSETCATALOG_COMPILER_APPICON_NAME = AppIcon;
				CODE_SIGN_STYLE = Automatic;
				DEVELOPMENT_TEAM = 7MF6ZC4JST;
				INFOPLIST_FILE = Concentration/Info.plist;
				LD_RUNPATH_SEARCH_PATHS = (
					"$(inherited)",
					"@executable_path/Frameworks",
				);
				PRODUCT_BUNDLE_IDENTIFIER = marosiattila.com.Concentration;
				PRODUCT_NAME = "$(TARGET_NAME)";
				SWIFT_VERSION = 4.2;
				TARGETED_DEVICE_FAMILY = "1,2";
			};
			name = Debug;
		};
		05D1F42A20D6DA3E002C88DE /* Release */ = {
			isa = XCBuildConfiguration;
			buildSettings = {
				ASSETCATALOG_COMPILER_APPICON_NAME = AppIcon;
				CODE_SIGN_STYLE = Automatic;
				DEVELOPMENT_TEAM = 7MF6ZC4JST;
				INFOPLIST_FILE = Concentration/Info.plist;
				LD_RUNPATH_SEARCH_PATHS = (
					"$(inherited)",
					"@executable_path/Frameworks",
				);
				PRODUCT_BUNDLE_IDENTIFIER = marosiattila.com.Concentration;
				PRODUCT_NAME = "$(TARGET_NAME)";
				SWIFT_VERSION = 4.2;
				TARGETED_DEVICE_FAMILY = "1,2";
			};
			name = Release;
		};
/* End XCBuildConfiguration section */

/* Begin XCConfigurationList section */
		05D1F41120D6DA3C002C88DE /* Build configuration list for PBXProject "Concentration" */ = {
			isa = XCConfigurationList;
			buildConfigurations = (
				05D1F42620D6DA3E002C88DE /* Debug */,
				05D1F42720D6DA3E002C88DE /* Release */,
			);
			defaultConfigurationIsVisible = 0;
			defaultConfigurationName = Release;
		};
		05D1F42820D6DA3E002C88DE /* Build configuration list for PBXNativeTarget "Concentration" */ = {
			isa = XCConfigurationList;
			buildConfigurations = (
				05D1F42920D6DA3E002C88DE /* Debug */,
				05D1F42A20D6DA3E002C88DE /* Release */,
			);
			defaultConfigurationIsVisible = 0;
			defaultConfigurationName = Release;
		};
/* End XCConfigurationList section */
	};
	rootObject = 05D1F40E20D6DA3C002C88DE /* Project object */;
}
